
Microsoft Visual Studio Solution File, Format Version 12.00
# Visual Studio Version 16
VisualStudioVersion = 16.0.30128.74
MinimumVisualStudioVersion = 10.0.40219.1
Project("{9A19103F-16F7-4668-BE54-9A1E7A4F7556}") = "BoutiqueMVC", "BoutiqueMVC\BoutiqueMVC.csproj", "{A5E9D6B5-A224-419E-BA99-69E5D99E7FC6}"
EndProject
Project("{E53339B2-1760-4266-BCC7-CA923CBCF16C}") = "docker-compose", "docker-compose.dcproj", "{C0363682-F927-4480-992F-0C334CCA8C64}"
EndProject
Project("{2150E333-8FDC-42A3-9474-1A3956D46DE8}") = "05-BoutiqueDAL", "05-BoutiqueDAL", "{694ABC82-BD55-4764-BE97-C9C041654DC6}"
EndProject
Project("{9A19103F-16F7-4668-BE54-9A1E7A4F7556}") = "BoutiqueDAL", "BoutiqueDAL\BoutiqueDAL.csproj", "{B61BF406-2567-4B8D-BB48-44E0AB987901}"
EndProject
Project("{2150E333-8FDC-42A3-9474-1A3956D46DE8}") = "01-BoutiqueCommon", "01-BoutiqueCommon", "{82156968-523F-4F4D-A788-D38E117BDB0C}"
EndProject
Project("{9A19103F-16F7-4668-BE54-9A1E7A4F7556}") = "BoutiqueCommon", "BoutiqueCommon\BoutiqueCommon.csproj", "{0B7A2FFE-A950-40CE-A2B7-2E6786539139}"
EndProject
Project("{2150E333-8FDC-42A3-9474-1A3956D46DE8}") = "04-BoutiqueMVC", "04-BoutiqueMVC", "{5618675C-F89B-4725-97D2-035D1D247784}"
EndProject
Project("{9A19103F-16F7-4668-BE54-9A1E7A4F7556}") = "BoutiqueCommonXUnit", "BoutiqueCommonXUnit\BoutiqueCommonXUnit.csproj", "{C8A4318A-67D6-49BC-8E8F-284D07932DD6}"
EndProject
Project("{9A19103F-16F7-4668-BE54-9A1E7A4F7556}") = "BoutiqueDALXUnit", "BoutiqueDALXUnit\BoutiqueDALXUnit.csproj", "{9DDB0704-0CA3-4866-B677-1325C72FA370}"
EndProject
Project("{2150E333-8FDC-42A3-9474-1A3956D46DE8}") = "02-BoutiqueDTO", "02-BoutiqueDTO", "{1F40229F-E2B8-4E99-8FEE-D8D9379A8068}"
EndProject
Project("{9A19103F-16F7-4668-BE54-9A1E7A4F7556}") = "BoutiqueDTO", "BoutiqueDTO\BoutiqueDTO.csproj", "{D48D711D-A7BC-4266-88C1-987AFE6EFF36}"
EndProject
Project("{9A19103F-16F7-4668-BE54-9A1E7A4F7556}") = "BoutiqueDTOXUnit", "BoutiqueDTOXUnit\BoutiqueDTOXUnit.csproj", "{3E6A27C1-3A08-42AA-997C-63A32784BAFF}"
EndProject
Project("{2150E333-8FDC-42A3-9474-1A3956D46DE8}") = "Solution Items", "Solution Items", "{98963CF2-5628-49F2-A5F4-674A96064308}"
	ProjectSection(SolutionItems) = preProject
		.editorconfig = .editorconfig
	EndProjectSection
EndProject
Project("{9A19103F-16F7-4668-BE54-9A1E7A4F7556}") = "BoutiqueMVCXUnit", "BoutiqueMVCXUnit\BoutiqueMVCXUnit.csproj", "{09B70F81-273A-44E2-AB12-1A0477B3CD03}"
EndProject
Project("{2150E333-8FDC-42A3-9474-1A3956D46DE8}") = "06-BoutiqueLoader", "06-BoutiqueLoader", "{77CE2804-6929-46A6-B146-082CA00CAED4}"
EndProject
Project("{9A19103F-16F7-4668-BE54-9A1E7A4F7556}") = "BoutiqueLoader", "BoutiqueLoader\BoutiqueLoader.csproj", "{F248F890-E85B-474B-97BF-302A9B88C0BF}"
EndProject
Project("{9A19103F-16F7-4668-BE54-9A1E7A4F7556}") = "BoutiqueLoaderXUnit", "BoutiqueLoaderXUnit\BoutiqueLoaderXUnit.csproj", "{56964B7C-DBDE-40BC-9DCD-C2A39ADB6619}"
EndProject
Project("{2150E333-8FDC-42A3-9474-1A3956D46DE8}") = "03-BoutiqueXamarin", "03-BoutiqueXamarin", "{1AC518C9-60C3-4566-9056-13A905E009AF}"
EndProject
Project("{9A19103F-16F7-4668-BE54-9A1E7A4F7556}") = "BoutiqueXamarin", "BoutiqueXamarin\BoutiqueXamarin\BoutiqueXamarin.csproj", "{31636878-59F3-44C0-8A65-079283E02110}"
EndProject
Project("{FAE04EC0-301F-11D3-BF4B-00C04F79EFBC}") = "BoutiqueXamarin.Android", "BoutiqueXamarin\BoutiqueXamarin.Android\BoutiqueXamarin.Android.csproj", "{4AC63F1D-CAF7-4DD4-9068-1B82978714CA}"
EndProject
Project("{9A19103F-16F7-4668-BE54-9A1E7A4F7556}") = "BoutiqueXamarinCommon", "BoutiqueXamarinCommon\BoutiqueXamarinCommon.csproj", "{3C53A3A1-2E21-4FF1-AF40-8DC72C119239}"
EndProject
Project("{9A19103F-16F7-4668-BE54-9A1E7A4F7556}") = "BoutiqueXamarinCommonXUnit", "BoutiqueXamarinCommonXUnit\BoutiqueXamarinCommonXUnit.csproj", "{792F18A8-AE8C-41D8-9750-E3894BBBB0A4}"
EndProject
Project("{FAE04EC0-301F-11D3-BF4B-00C04F79EFBC}") = "BoutiqueUserManagement", "BoutiqueUserManagement\BoutiqueUserManagement.csproj", "{5C6FE4C1-57A6-4710-A34C-45114F9C1976}"
EndProject
Project("{FAE04EC0-301F-11D3-BF4B-00C04F79EFBC}") = "BoutiqueConsole", "BoutiqueConsole\BoutiqueConsole.csproj", "{B7874DCC-C141-44D4-A64C-D93E5EA37E00}"
EndProject
Global
	GlobalSection(SolutionConfigurationPlatforms) = preSolution
		Debug|Any CPU = Debug|Any CPU
		Debug|ARM = Debug|ARM
		Debug|ARM64 = Debug|ARM64
		Debug|x64 = Debug|x64
		Debug|x86 = Debug|x86
		Release|Any CPU = Release|Any CPU
		Release|ARM = Release|ARM
		Release|ARM64 = Release|ARM64
		Release|x64 = Release|x64
		Release|x86 = Release|x86
	EndGlobalSection
	GlobalSection(ProjectConfigurationPlatforms) = postSolution
		{A5E9D6B5-A224-419E-BA99-69E5D99E7FC6}.Debug|Any CPU.ActiveCfg = Debug|Any CPU
		{A5E9D6B5-A224-419E-BA99-69E5D99E7FC6}.Debug|Any CPU.Build.0 = Debug|Any CPU
		{A5E9D6B5-A224-419E-BA99-69E5D99E7FC6}.Debug|ARM.ActiveCfg = Debug|Any CPU
		{A5E9D6B5-A224-419E-BA99-69E5D99E7FC6}.Debug|ARM.Build.0 = Debug|Any CPU
		{A5E9D6B5-A224-419E-BA99-69E5D99E7FC6}.Debug|ARM64.ActiveCfg = Debug|Any CPU
		{A5E9D6B5-A224-419E-BA99-69E5D99E7FC6}.Debug|ARM64.Build.0 = Debug|Any CPU
		{A5E9D6B5-A224-419E-BA99-69E5D99E7FC6}.Debug|x64.ActiveCfg = Debug|Any CPU
		{A5E9D6B5-A224-419E-BA99-69E5D99E7FC6}.Debug|x64.Build.0 = Debug|Any CPU
		{A5E9D6B5-A224-419E-BA99-69E5D99E7FC6}.Debug|x86.ActiveCfg = Debug|Any CPU
		{A5E9D6B5-A224-419E-BA99-69E5D99E7FC6}.Debug|x86.Build.0 = Debug|Any CPU
		{A5E9D6B5-A224-419E-BA99-69E5D99E7FC6}.Release|Any CPU.ActiveCfg = Release|Any CPU
		{A5E9D6B5-A224-419E-BA99-69E5D99E7FC6}.Release|Any CPU.Build.0 = Release|Any CPU
		{A5E9D6B5-A224-419E-BA99-69E5D99E7FC6}.Release|ARM.ActiveCfg = Release|Any CPU
		{A5E9D6B5-A224-419E-BA99-69E5D99E7FC6}.Release|ARM.Build.0 = Release|Any CPU
		{A5E9D6B5-A224-419E-BA99-69E5D99E7FC6}.Release|ARM64.ActiveCfg = Release|Any CPU
		{A5E9D6B5-A224-419E-BA99-69E5D99E7FC6}.Release|ARM64.Build.0 = Release|Any CPU
		{A5E9D6B5-A224-419E-BA99-69E5D99E7FC6}.Release|x64.ActiveCfg = Release|Any CPU
		{A5E9D6B5-A224-419E-BA99-69E5D99E7FC6}.Release|x64.Build.0 = Release|Any CPU
		{A5E9D6B5-A224-419E-BA99-69E5D99E7FC6}.Release|x86.ActiveCfg = Release|Any CPU
		{A5E9D6B5-A224-419E-BA99-69E5D99E7FC6}.Release|x86.Build.0 = Release|Any CPU
		{C0363682-F927-4480-992F-0C334CCA8C64}.Debug|Any CPU.ActiveCfg = Debug|Any CPU
		{C0363682-F927-4480-992F-0C334CCA8C64}.Debug|Any CPU.Build.0 = Debug|Any CPU
		{C0363682-F927-4480-992F-0C334CCA8C64}.Debug|ARM.ActiveCfg = Debug|Any CPU
		{C0363682-F927-4480-992F-0C334CCA8C64}.Debug|ARM.Build.0 = Debug|Any CPU
		{C0363682-F927-4480-992F-0C334CCA8C64}.Debug|ARM64.ActiveCfg = Debug|Any CPU
		{C0363682-F927-4480-992F-0C334CCA8C64}.Debug|ARM64.Build.0 = Debug|Any CPU
		{C0363682-F927-4480-992F-0C334CCA8C64}.Debug|x64.ActiveCfg = Debug|Any CPU
		{C0363682-F927-4480-992F-0C334CCA8C64}.Debug|x64.Build.0 = Debug|Any CPU
		{C0363682-F927-4480-992F-0C334CCA8C64}.Debug|x86.ActiveCfg = Debug|Any CPU
		{C0363682-F927-4480-992F-0C334CCA8C64}.Debug|x86.Build.0 = Debug|Any CPU
		{C0363682-F927-4480-992F-0C334CCA8C64}.Release|Any CPU.ActiveCfg = Release|Any CPU
		{C0363682-F927-4480-992F-0C334CCA8C64}.Release|Any CPU.Build.0 = Release|Any CPU
		{C0363682-F927-4480-992F-0C334CCA8C64}.Release|ARM.ActiveCfg = Release|Any CPU
		{C0363682-F927-4480-992F-0C334CCA8C64}.Release|ARM.Build.0 = Release|Any CPU
		{C0363682-F927-4480-992F-0C334CCA8C64}.Release|ARM64.ActiveCfg = Release|Any CPU
		{C0363682-F927-4480-992F-0C334CCA8C64}.Release|ARM64.Build.0 = Release|Any CPU
		{C0363682-F927-4480-992F-0C334CCA8C64}.Release|x64.ActiveCfg = Release|Any CPU
		{C0363682-F927-4480-992F-0C334CCA8C64}.Release|x64.Build.0 = Release|Any CPU
		{C0363682-F927-4480-992F-0C334CCA8C64}.Release|x86.ActiveCfg = Release|Any CPU
		{C0363682-F927-4480-992F-0C334CCA8C64}.Release|x86.Build.0 = Release|Any CPU
		{B61BF406-2567-4B8D-BB48-44E0AB987901}.Debug|Any CPU.ActiveCfg = Debug|Any CPU
		{B61BF406-2567-4B8D-BB48-44E0AB987901}.Debug|Any CPU.Build.0 = Debug|Any CPU
		{B61BF406-2567-4B8D-BB48-44E0AB987901}.Debug|ARM.ActiveCfg = Debug|Any CPU
		{B61BF406-2567-4B8D-BB48-44E0AB987901}.Debug|ARM.Build.0 = Debug|Any CPU
		{B61BF406-2567-4B8D-BB48-44E0AB987901}.Debug|ARM64.ActiveCfg = Debug|Any CPU
		{B61BF406-2567-4B8D-BB48-44E0AB987901}.Debug|ARM64.Build.0 = Debug|Any CPU
		{B61BF406-2567-4B8D-BB48-44E0AB987901}.Debug|x64.ActiveCfg = Debug|Any CPU
		{B61BF406-2567-4B8D-BB48-44E0AB987901}.Debug|x64.Build.0 = Debug|Any CPU
		{B61BF406-2567-4B8D-BB48-44E0AB987901}.Debug|x86.ActiveCfg = Debug|Any CPU
		{B61BF406-2567-4B8D-BB48-44E0AB987901}.Debug|x86.Build.0 = Debug|Any CPU
		{B61BF406-2567-4B8D-BB48-44E0AB987901}.Release|Any CPU.ActiveCfg = Release|Any CPU
		{B61BF406-2567-4B8D-BB48-44E0AB987901}.Release|Any CPU.Build.0 = Release|Any CPU
		{B61BF406-2567-4B8D-BB48-44E0AB987901}.Release|ARM.ActiveCfg = Release|Any CPU
		{B61BF406-2567-4B8D-BB48-44E0AB987901}.Release|ARM.Build.0 = Release|Any CPU
		{B61BF406-2567-4B8D-BB48-44E0AB987901}.Release|ARM64.ActiveCfg = Release|Any CPU
		{B61BF406-2567-4B8D-BB48-44E0AB987901}.Release|ARM64.Build.0 = Release|Any CPU
		{B61BF406-2567-4B8D-BB48-44E0AB987901}.Release|x64.ActiveCfg = Release|Any CPU
		{B61BF406-2567-4B8D-BB48-44E0AB987901}.Release|x64.Build.0 = Release|Any CPU
		{B61BF406-2567-4B8D-BB48-44E0AB987901}.Release|x86.ActiveCfg = Release|Any CPU
		{B61BF406-2567-4B8D-BB48-44E0AB987901}.Release|x86.Build.0 = Release|Any CPU
		{0B7A2FFE-A950-40CE-A2B7-2E6786539139}.Debug|Any CPU.ActiveCfg = Debug|Any CPU
		{0B7A2FFE-A950-40CE-A2B7-2E6786539139}.Debug|Any CPU.Build.0 = Debug|Any CPU
		{0B7A2FFE-A950-40CE-A2B7-2E6786539139}.Debug|ARM.ActiveCfg = Debug|Any CPU
		{0B7A2FFE-A950-40CE-A2B7-2E6786539139}.Debug|ARM.Build.0 = Debug|Any CPU
		{0B7A2FFE-A950-40CE-A2B7-2E6786539139}.Debug|ARM64.ActiveCfg = Debug|Any CPU
		{0B7A2FFE-A950-40CE-A2B7-2E6786539139}.Debug|ARM64.Build.0 = Debug|Any CPU
		{0B7A2FFE-A950-40CE-A2B7-2E6786539139}.Debug|x64.ActiveCfg = Debug|Any CPU
		{0B7A2FFE-A950-40CE-A2B7-2E6786539139}.Debug|x64.Build.0 = Debug|Any CPU
		{0B7A2FFE-A950-40CE-A2B7-2E6786539139}.Debug|x86.ActiveCfg = Debug|Any CPU
		{0B7A2FFE-A950-40CE-A2B7-2E6786539139}.Debug|x86.Build.0 = Debug|Any CPU
		{0B7A2FFE-A950-40CE-A2B7-2E6786539139}.Release|Any CPU.ActiveCfg = Release|Any CPU
		{0B7A2FFE-A950-40CE-A2B7-2E6786539139}.Release|Any CPU.Build.0 = Release|Any CPU
		{0B7A2FFE-A950-40CE-A2B7-2E6786539139}.Release|ARM.ActiveCfg = Release|Any CPU
		{0B7A2FFE-A950-40CE-A2B7-2E6786539139}.Release|ARM.Build.0 = Release|Any CPU
		{0B7A2FFE-A950-40CE-A2B7-2E6786539139}.Release|ARM64.ActiveCfg = Release|Any CPU
		{0B7A2FFE-A950-40CE-A2B7-2E6786539139}.Release|ARM64.Build.0 = Release|Any CPU
		{0B7A2FFE-A950-40CE-A2B7-2E6786539139}.Release|x64.ActiveCfg = Release|Any CPU
		{0B7A2FFE-A950-40CE-A2B7-2E6786539139}.Release|x64.Build.0 = Release|Any CPU
		{0B7A2FFE-A950-40CE-A2B7-2E6786539139}.Release|x86.ActiveCfg = Release|Any CPU
		{0B7A2FFE-A950-40CE-A2B7-2E6786539139}.Release|x86.Build.0 = Release|Any CPU
		{C8A4318A-67D6-49BC-8E8F-284D07932DD6}.Debug|Any CPU.ActiveCfg = Debug|Any CPU
		{C8A4318A-67D6-49BC-8E8F-284D07932DD6}.Debug|Any CPU.Build.0 = Debug|Any CPU
		{C8A4318A-67D6-49BC-8E8F-284D07932DD6}.Debug|ARM.ActiveCfg = Debug|Any CPU
		{C8A4318A-67D6-49BC-8E8F-284D07932DD6}.Debug|ARM.Build.0 = Debug|Any CPU
		{C8A4318A-67D6-49BC-8E8F-284D07932DD6}.Debug|ARM64.ActiveCfg = Debug|Any CPU
		{C8A4318A-67D6-49BC-8E8F-284D07932DD6}.Debug|ARM64.Build.0 = Debug|Any CPU
		{C8A4318A-67D6-49BC-8E8F-284D07932DD6}.Debug|x64.ActiveCfg = Debug|Any CPU
		{C8A4318A-67D6-49BC-8E8F-284D07932DD6}.Debug|x64.Build.0 = Debug|Any CPU
		{C8A4318A-67D6-49BC-8E8F-284D07932DD6}.Debug|x86.ActiveCfg = Debug|Any CPU
		{C8A4318A-67D6-49BC-8E8F-284D07932DD6}.Debug|x86.Build.0 = Debug|Any CPU
		{C8A4318A-67D6-49BC-8E8F-284D07932DD6}.Release|Any CPU.ActiveCfg = Release|Any CPU
		{C8A4318A-67D6-49BC-8E8F-284D07932DD6}.Release|Any CPU.Build.0 = Release|Any CPU
		{C8A4318A-67D6-49BC-8E8F-284D07932DD6}.Release|ARM.ActiveCfg = Release|Any CPU
		{C8A4318A-67D6-49BC-8E8F-284D07932DD6}.Release|ARM.Build.0 = Release|Any CPU
		{C8A4318A-67D6-49BC-8E8F-284D07932DD6}.Release|ARM64.ActiveCfg = Release|Any CPU
		{C8A4318A-67D6-49BC-8E8F-284D07932DD6}.Release|ARM64.Build.0 = Release|Any CPU
		{C8A4318A-67D6-49BC-8E8F-284D07932DD6}.Release|x64.ActiveCfg = Release|Any CPU
		{C8A4318A-67D6-49BC-8E8F-284D07932DD6}.Release|x64.Build.0 = Release|Any CPU
		{C8A4318A-67D6-49BC-8E8F-284D07932DD6}.Release|x86.ActiveCfg = Release|Any CPU
		{C8A4318A-67D6-49BC-8E8F-284D07932DD6}.Release|x86.Build.0 = Release|Any CPU
		{9DDB0704-0CA3-4866-B677-1325C72FA370}.Debug|Any CPU.ActiveCfg = Debug|Any CPU
		{9DDB0704-0CA3-4866-B677-1325C72FA370}.Debug|Any CPU.Build.0 = Debug|Any CPU
		{9DDB0704-0CA3-4866-B677-1325C72FA370}.Debug|ARM.ActiveCfg = Debug|Any CPU
		{9DDB0704-0CA3-4866-B677-1325C72FA370}.Debug|ARM.Build.0 = Debug|Any CPU
		{9DDB0704-0CA3-4866-B677-1325C72FA370}.Debug|ARM64.ActiveCfg = Debug|Any CPU
		{9DDB0704-0CA3-4866-B677-1325C72FA370}.Debug|ARM64.Build.0 = Debug|Any CPU
		{9DDB0704-0CA3-4866-B677-1325C72FA370}.Debug|x64.ActiveCfg = Debug|Any CPU
		{9DDB0704-0CA3-4866-B677-1325C72FA370}.Debug|x64.Build.0 = Debug|Any CPU
		{9DDB0704-0CA3-4866-B677-1325C72FA370}.Debug|x86.ActiveCfg = Debug|Any CPU
		{9DDB0704-0CA3-4866-B677-1325C72FA370}.Debug|x86.Build.0 = Debug|Any CPU
		{9DDB0704-0CA3-4866-B677-1325C72FA370}.Release|Any CPU.ActiveCfg = Release|Any CPU
		{9DDB0704-0CA3-4866-B677-1325C72FA370}.Release|Any CPU.Build.0 = Release|Any CPU
		{9DDB0704-0CA3-4866-B677-1325C72FA370}.Release|ARM.ActiveCfg = Release|Any CPU
		{9DDB0704-0CA3-4866-B677-1325C72FA370}.Release|ARM.Build.0 = Release|Any CPU
		{9DDB0704-0CA3-4866-B677-1325C72FA370}.Release|ARM64.ActiveCfg = Release|Any CPU
		{9DDB0704-0CA3-4866-B677-1325C72FA370}.Release|ARM64.Build.0 = Release|Any CPU
		{9DDB0704-0CA3-4866-B677-1325C72FA370}.Release|x64.ActiveCfg = Release|Any CPU
		{9DDB0704-0CA3-4866-B677-1325C72FA370}.Release|x64.Build.0 = Release|Any CPU
		{9DDB0704-0CA3-4866-B677-1325C72FA370}.Release|x86.ActiveCfg = Release|Any CPU
		{9DDB0704-0CA3-4866-B677-1325C72FA370}.Release|x86.Build.0 = Release|Any CPU
		{D48D711D-A7BC-4266-88C1-987AFE6EFF36}.Debug|Any CPU.ActiveCfg = Debug|Any CPU
		{D48D711D-A7BC-4266-88C1-987AFE6EFF36}.Debug|Any CPU.Build.0 = Debug|Any CPU
		{D48D711D-A7BC-4266-88C1-987AFE6EFF36}.Debug|ARM.ActiveCfg = Debug|Any CPU
		{D48D711D-A7BC-4266-88C1-987AFE6EFF36}.Debug|ARM.Build.0 = Debug|Any CPU
		{D48D711D-A7BC-4266-88C1-987AFE6EFF36}.Debug|ARM64.ActiveCfg = Debug|Any CPU
		{D48D711D-A7BC-4266-88C1-987AFE6EFF36}.Debug|ARM64.Build.0 = Debug|Any CPU
		{D48D711D-A7BC-4266-88C1-987AFE6EFF36}.Debug|x64.ActiveCfg = Debug|Any CPU
		{D48D711D-A7BC-4266-88C1-987AFE6EFF36}.Debug|x64.Build.0 = Debug|Any CPU
		{D48D711D-A7BC-4266-88C1-987AFE6EFF36}.Debug|x86.ActiveCfg = Debug|Any CPU
		{D48D711D-A7BC-4266-88C1-987AFE6EFF36}.Debug|x86.Build.0 = Debug|Any CPU
		{D48D711D-A7BC-4266-88C1-987AFE6EFF36}.Release|Any CPU.ActiveCfg = Release|Any CPU
		{D48D711D-A7BC-4266-88C1-987AFE6EFF36}.Release|Any CPU.Build.0 = Release|Any CPU
		{D48D711D-A7BC-4266-88C1-987AFE6EFF36}.Release|ARM.ActiveCfg = Release|Any CPU
		{D48D711D-A7BC-4266-88C1-987AFE6EFF36}.Release|ARM.Build.0 = Release|Any CPU
		{D48D711D-A7BC-4266-88C1-987AFE6EFF36}.Release|ARM64.ActiveCfg = Release|Any CPU
		{D48D711D-A7BC-4266-88C1-987AFE6EFF36}.Release|ARM64.Build.0 = Release|Any CPU
		{D48D711D-A7BC-4266-88C1-987AFE6EFF36}.Release|x64.ActiveCfg = Release|Any CPU
		{D48D711D-A7BC-4266-88C1-987AFE6EFF36}.Release|x64.Build.0 = Release|Any CPU
		{D48D711D-A7BC-4266-88C1-987AFE6EFF36}.Release|x86.ActiveCfg = Release|Any CPU
		{D48D711D-A7BC-4266-88C1-987AFE6EFF36}.Release|x86.Build.0 = Release|Any CPU
		{3E6A27C1-3A08-42AA-997C-63A32784BAFF}.Debug|Any CPU.ActiveCfg = Debug|Any CPU
		{3E6A27C1-3A08-42AA-997C-63A32784BAFF}.Debug|Any CPU.Build.0 = Debug|Any CPU
		{3E6A27C1-3A08-42AA-997C-63A32784BAFF}.Debug|ARM.ActiveCfg = Debug|Any CPU
		{3E6A27C1-3A08-42AA-997C-63A32784BAFF}.Debug|ARM.Build.0 = Debug|Any CPU
		{3E6A27C1-3A08-42AA-997C-63A32784BAFF}.Debug|ARM64.ActiveCfg = Debug|Any CPU
		{3E6A27C1-3A08-42AA-997C-63A32784BAFF}.Debug|ARM64.Build.0 = Debug|Any CPU
		{3E6A27C1-3A08-42AA-997C-63A32784BAFF}.Debug|x64.ActiveCfg = Debug|Any CPU
		{3E6A27C1-3A08-42AA-997C-63A32784BAFF}.Debug|x64.Build.0 = Debug|Any CPU
		{3E6A27C1-3A08-42AA-997C-63A32784BAFF}.Debug|x86.ActiveCfg = Debug|Any CPU
		{3E6A27C1-3A08-42AA-997C-63A32784BAFF}.Debug|x86.Build.0 = Debug|Any CPU
		{3E6A27C1-3A08-42AA-997C-63A32784BAFF}.Release|Any CPU.ActiveCfg = Release|Any CPU
		{3E6A27C1-3A08-42AA-997C-63A32784BAFF}.Release|Any CPU.Build.0 = Release|Any CPU
		{3E6A27C1-3A08-42AA-997C-63A32784BAFF}.Release|ARM.ActiveCfg = Release|Any CPU
		{3E6A27C1-3A08-42AA-997C-63A32784BAFF}.Release|ARM.Build.0 = Release|Any CPU
		{3E6A27C1-3A08-42AA-997C-63A32784BAFF}.Release|ARM64.ActiveCfg = Release|Any CPU
		{3E6A27C1-3A08-42AA-997C-63A32784BAFF}.Release|ARM64.Build.0 = Release|Any CPU
		{3E6A27C1-3A08-42AA-997C-63A32784BAFF}.Release|x64.ActiveCfg = Release|Any CPU
		{3E6A27C1-3A08-42AA-997C-63A32784BAFF}.Release|x64.Build.0 = Release|Any CPU
		{3E6A27C1-3A08-42AA-997C-63A32784BAFF}.Release|x86.ActiveCfg = Release|Any CPU
		{3E6A27C1-3A08-42AA-997C-63A32784BAFF}.Release|x86.Build.0 = Release|Any CPU
		{09B70F81-273A-44E2-AB12-1A0477B3CD03}.Debug|Any CPU.ActiveCfg = Debug|Any CPU
		{09B70F81-273A-44E2-AB12-1A0477B3CD03}.Debug|Any CPU.Build.0 = Debug|Any CPU
		{09B70F81-273A-44E2-AB12-1A0477B3CD03}.Debug|ARM.ActiveCfg = Debug|Any CPU
		{09B70F81-273A-44E2-AB12-1A0477B3CD03}.Debug|ARM.Build.0 = Debug|Any CPU
		{09B70F81-273A-44E2-AB12-1A0477B3CD03}.Debug|ARM64.ActiveCfg = Debug|Any CPU
		{09B70F81-273A-44E2-AB12-1A0477B3CD03}.Debug|ARM64.Build.0 = Debug|Any CPU
		{09B70F81-273A-44E2-AB12-1A0477B3CD03}.Debug|x64.ActiveCfg = Debug|Any CPU
		{09B70F81-273A-44E2-AB12-1A0477B3CD03}.Debug|x64.Build.0 = Debug|Any CPU
		{09B70F81-273A-44E2-AB12-1A0477B3CD03}.Debug|x86.ActiveCfg = Debug|Any CPU
		{09B70F81-273A-44E2-AB12-1A0477B3CD03}.Debug|x86.Build.0 = Debug|Any CPU
		{09B70F81-273A-44E2-AB12-1A0477B3CD03}.Release|Any CPU.ActiveCfg = Release|Any CPU
		{09B70F81-273A-44E2-AB12-1A0477B3CD03}.Release|Any CPU.Build.0 = Release|Any CPU
		{09B70F81-273A-44E2-AB12-1A0477B3CD03}.Release|ARM.ActiveCfg = Release|Any CPU
		{09B70F81-273A-44E2-AB12-1A0477B3CD03}.Release|ARM.Build.0 = Release|Any CPU
		{09B70F81-273A-44E2-AB12-1A0477B3CD03}.Release|ARM64.ActiveCfg = Release|Any CPU
		{09B70F81-273A-44E2-AB12-1A0477B3CD03}.Release|ARM64.Build.0 = Release|Any CPU
		{09B70F81-273A-44E2-AB12-1A0477B3CD03}.Release|x64.ActiveCfg = Release|Any CPU
		{09B70F81-273A-44E2-AB12-1A0477B3CD03}.Release|x64.Build.0 = Release|Any CPU
		{09B70F81-273A-44E2-AB12-1A0477B3CD03}.Release|x86.ActiveCfg = Release|Any CPU
		{09B70F81-273A-44E2-AB12-1A0477B3CD03}.Release|x86.Build.0 = Release|Any CPU
		{F248F890-E85B-474B-97BF-302A9B88C0BF}.Debug|Any CPU.ActiveCfg = Debug|Any CPU
		{F248F890-E85B-474B-97BF-302A9B88C0BF}.Debug|Any CPU.Build.0 = Debug|Any CPU
		{F248F890-E85B-474B-97BF-302A9B88C0BF}.Debug|ARM.ActiveCfg = Debug|Any CPU
		{F248F890-E85B-474B-97BF-302A9B88C0BF}.Debug|ARM.Build.0 = Debug|Any CPU
		{F248F890-E85B-474B-97BF-302A9B88C0BF}.Debug|ARM64.ActiveCfg = Debug|Any CPU
		{F248F890-E85B-474B-97BF-302A9B88C0BF}.Debug|ARM64.Build.0 = Debug|Any CPU
		{F248F890-E85B-474B-97BF-302A9B88C0BF}.Debug|x64.ActiveCfg = Debug|Any CPU
		{F248F890-E85B-474B-97BF-302A9B88C0BF}.Debug|x64.Build.0 = Debug|Any CPU
		{F248F890-E85B-474B-97BF-302A9B88C0BF}.Debug|x86.ActiveCfg = Debug|Any CPU
		{F248F890-E85B-474B-97BF-302A9B88C0BF}.Debug|x86.Build.0 = Debug|Any CPU
		{F248F890-E85B-474B-97BF-302A9B88C0BF}.Release|Any CPU.ActiveCfg = Release|Any CPU
		{F248F890-E85B-474B-97BF-302A9B88C0BF}.Release|Any CPU.Build.0 = Release|Any CPU
		{F248F890-E85B-474B-97BF-302A9B88C0BF}.Release|ARM.ActiveCfg = Release|Any CPU
		{F248F890-E85B-474B-97BF-302A9B88C0BF}.Release|ARM.Build.0 = Release|Any CPU
		{F248F890-E85B-474B-97BF-302A9B88C0BF}.Release|ARM64.ActiveCfg = Release|Any CPU
		{F248F890-E85B-474B-97BF-302A9B88C0BF}.Release|ARM64.Build.0 = Release|Any CPU
		{F248F890-E85B-474B-97BF-302A9B88C0BF}.Release|x64.ActiveCfg = Release|Any CPU
		{F248F890-E85B-474B-97BF-302A9B88C0BF}.Release|x64.Build.0 = Release|Any CPU
		{F248F890-E85B-474B-97BF-302A9B88C0BF}.Release|x86.ActiveCfg = Release|Any CPU
		{F248F890-E85B-474B-97BF-302A9B88C0BF}.Release|x86.Build.0 = Release|Any CPU
		{56964B7C-DBDE-40BC-9DCD-C2A39ADB6619}.Debug|Any CPU.ActiveCfg = Debug|Any CPU
		{56964B7C-DBDE-40BC-9DCD-C2A39ADB6619}.Debug|Any CPU.Build.0 = Debug|Any CPU
		{56964B7C-DBDE-40BC-9DCD-C2A39ADB6619}.Debug|ARM.ActiveCfg = Debug|Any CPU
		{56964B7C-DBDE-40BC-9DCD-C2A39ADB6619}.Debug|ARM.Build.0 = Debug|Any CPU
		{56964B7C-DBDE-40BC-9DCD-C2A39ADB6619}.Debug|ARM64.ActiveCfg = Debug|Any CPU
		{56964B7C-DBDE-40BC-9DCD-C2A39ADB6619}.Debug|ARM64.Build.0 = Debug|Any CPU
		{56964B7C-DBDE-40BC-9DCD-C2A39ADB6619}.Debug|x64.ActiveCfg = Debug|Any CPU
		{56964B7C-DBDE-40BC-9DCD-C2A39ADB6619}.Debug|x64.Build.0 = Debug|Any CPU
		{56964B7C-DBDE-40BC-9DCD-C2A39ADB6619}.Debug|x86.ActiveCfg = Debug|Any CPU
		{56964B7C-DBDE-40BC-9DCD-C2A39ADB6619}.Debug|x86.Build.0 = Debug|Any CPU
		{56964B7C-DBDE-40BC-9DCD-C2A39ADB6619}.Release|Any CPU.ActiveCfg = Release|Any CPU
		{56964B7C-DBDE-40BC-9DCD-C2A39ADB6619}.Release|Any CPU.Build.0 = Release|Any CPU
		{56964B7C-DBDE-40BC-9DCD-C2A39ADB6619}.Release|ARM.ActiveCfg = Release|Any CPU
		{56964B7C-DBDE-40BC-9DCD-C2A39ADB6619}.Release|ARM.Build.0 = Release|Any CPU
		{56964B7C-DBDE-40BC-9DCD-C2A39ADB6619}.Release|ARM64.ActiveCfg = Release|Any CPU
		{56964B7C-DBDE-40BC-9DCD-C2A39ADB6619}.Release|ARM64.Build.0 = Release|Any CPU
		{56964B7C-DBDE-40BC-9DCD-C2A39ADB6619}.Release|x64.ActiveCfg = Release|Any CPU
		{56964B7C-DBDE-40BC-9DCD-C2A39ADB6619}.Release|x64.Build.0 = Release|Any CPU
		{56964B7C-DBDE-40BC-9DCD-C2A39ADB6619}.Release|x86.ActiveCfg = Release|Any CPU
		{56964B7C-DBDE-40BC-9DCD-C2A39ADB6619}.Release|x86.Build.0 = Release|Any CPU
		{31636878-59F3-44C0-8A65-079283E02110}.Debug|Any CPU.ActiveCfg = Debug|Any CPU
		{31636878-59F3-44C0-8A65-079283E02110}.Debug|Any CPU.Build.0 = Debug|Any CPU
		{31636878-59F3-44C0-8A65-079283E02110}.Debug|ARM.ActiveCfg = Debug|Any CPU
		{31636878-59F3-44C0-8A65-079283E02110}.Debug|ARM.Build.0 = Debug|Any CPU
		{31636878-59F3-44C0-8A65-079283E02110}.Debug|ARM64.ActiveCfg = Debug|Any CPU
		{31636878-59F3-44C0-8A65-079283E02110}.Debug|ARM64.Build.0 = Debug|Any CPU
		{31636878-59F3-44C0-8A65-079283E02110}.Debug|x64.ActiveCfg = Debug|Any CPU
		{31636878-59F3-44C0-8A65-079283E02110}.Debug|x64.Build.0 = Debug|Any CPU
		{31636878-59F3-44C0-8A65-079283E02110}.Debug|x86.ActiveCfg = Debug|Any CPU
		{31636878-59F3-44C0-8A65-079283E02110}.Debug|x86.Build.0 = Debug|Any CPU
		{31636878-59F3-44C0-8A65-079283E02110}.Release|Any CPU.ActiveCfg = Release|Any CPU
		{31636878-59F3-44C0-8A65-079283E02110}.Release|Any CPU.Build.0 = Release|Any CPU
		{31636878-59F3-44C0-8A65-079283E02110}.Release|ARM.ActiveCfg = Release|Any CPU
		{31636878-59F3-44C0-8A65-079283E02110}.Release|ARM.Build.0 = Release|Any CPU
		{31636878-59F3-44C0-8A65-079283E02110}.Release|ARM64.ActiveCfg = Release|Any CPU
		{31636878-59F3-44C0-8A65-079283E02110}.Release|ARM64.Build.0 = Release|Any CPU
		{31636878-59F3-44C0-8A65-079283E02110}.Release|x64.ActiveCfg = Release|Any CPU
		{31636878-59F3-44C0-8A65-079283E02110}.Release|x64.Build.0 = Release|Any CPU
		{31636878-59F3-44C0-8A65-079283E02110}.Release|x86.ActiveCfg = Release|Any CPU
		{31636878-59F3-44C0-8A65-079283E02110}.Release|x86.Build.0 = Release|Any CPU
		{4AC63F1D-CAF7-4DD4-9068-1B82978714CA}.Debug|Any CPU.ActiveCfg = Debug|Any CPU
		{4AC63F1D-CAF7-4DD4-9068-1B82978714CA}.Debug|Any CPU.Build.0 = Debug|Any CPU
		{4AC63F1D-CAF7-4DD4-9068-1B82978714CA}.Debug|Any CPU.Deploy.0 = Debug|Any CPU
		{4AC63F1D-CAF7-4DD4-9068-1B82978714CA}.Debug|ARM.ActiveCfg = Debug|Any CPU
		{4AC63F1D-CAF7-4DD4-9068-1B82978714CA}.Debug|ARM.Build.0 = Debug|Any CPU
		{4AC63F1D-CAF7-4DD4-9068-1B82978714CA}.Debug|ARM.Deploy.0 = Debug|Any CPU
		{4AC63F1D-CAF7-4DD4-9068-1B82978714CA}.Debug|ARM64.ActiveCfg = Debug|Any CPU
		{4AC63F1D-CAF7-4DD4-9068-1B82978714CA}.Debug|ARM64.Build.0 = Debug|Any CPU
		{4AC63F1D-CAF7-4DD4-9068-1B82978714CA}.Debug|ARM64.Deploy.0 = Debug|Any CPU
		{4AC63F1D-CAF7-4DD4-9068-1B82978714CA}.Debug|x64.ActiveCfg = Debug|Any CPU
		{4AC63F1D-CAF7-4DD4-9068-1B82978714CA}.Debug|x64.Build.0 = Debug|Any CPU
		{4AC63F1D-CAF7-4DD4-9068-1B82978714CA}.Debug|x64.Deploy.0 = Debug|Any CPU
		{4AC63F1D-CAF7-4DD4-9068-1B82978714CA}.Debug|x86.ActiveCfg = Debug|Any CPU
		{4AC63F1D-CAF7-4DD4-9068-1B82978714CA}.Debug|x86.Build.0 = Debug|Any CPU
		{4AC63F1D-CAF7-4DD4-9068-1B82978714CA}.Debug|x86.Deploy.0 = Debug|Any CPU
		{4AC63F1D-CAF7-4DD4-9068-1B82978714CA}.Release|Any CPU.ActiveCfg = Release|Any CPU
		{4AC63F1D-CAF7-4DD4-9068-1B82978714CA}.Release|Any CPU.Build.0 = Release|Any CPU
		{4AC63F1D-CAF7-4DD4-9068-1B82978714CA}.Release|Any CPU.Deploy.0 = Release|Any CPU
		{4AC63F1D-CAF7-4DD4-9068-1B82978714CA}.Release|ARM.ActiveCfg = Release|Any CPU
		{4AC63F1D-CAF7-4DD4-9068-1B82978714CA}.Release|ARM.Build.0 = Release|Any CPU
		{4AC63F1D-CAF7-4DD4-9068-1B82978714CA}.Release|ARM.Deploy.0 = Release|Any CPU
		{4AC63F1D-CAF7-4DD4-9068-1B82978714CA}.Release|ARM64.ActiveCfg = Release|Any CPU
		{4AC63F1D-CAF7-4DD4-9068-1B82978714CA}.Release|ARM64.Build.0 = Release|Any CPU
		{4AC63F1D-CAF7-4DD4-9068-1B82978714CA}.Release|ARM64.Deploy.0 = Release|Any CPU
		{4AC63F1D-CAF7-4DD4-9068-1B82978714CA}.Release|x64.ActiveCfg = Release|Any CPU
		{4AC63F1D-CAF7-4DD4-9068-1B82978714CA}.Release|x64.Build.0 = Release|Any CPU
		{4AC63F1D-CAF7-4DD4-9068-1B82978714CA}.Release|x64.Deploy.0 = Release|Any CPU
		{4AC63F1D-CAF7-4DD4-9068-1B82978714CA}.Release|x86.ActiveCfg = Release|Any CPU
		{4AC63F1D-CAF7-4DD4-9068-1B82978714CA}.Release|x86.Build.0 = Release|Any CPU
		{4AC63F1D-CAF7-4DD4-9068-1B82978714CA}.Release|x86.Deploy.0 = Release|Any CPU
		{3C53A3A1-2E21-4FF1-AF40-8DC72C119239}.Debug|Any CPU.ActiveCfg = Debug|Any CPU
		{3C53A3A1-2E21-4FF1-AF40-8DC72C119239}.Debug|Any CPU.Build.0 = Debug|Any CPU
		{3C53A3A1-2E21-4FF1-AF40-8DC72C119239}.Debug|ARM.ActiveCfg = Debug|Any CPU
		{3C53A3A1-2E21-4FF1-AF40-8DC72C119239}.Debug|ARM.Build.0 = Debug|Any CPU
		{3C53A3A1-2E21-4FF1-AF40-8DC72C119239}.Debug|ARM64.ActiveCfg = Debug|Any CPU
		{3C53A3A1-2E21-4FF1-AF40-8DC72C119239}.Debug|ARM64.Build.0 = Debug|Any CPU
		{3C53A3A1-2E21-4FF1-AF40-8DC72C119239}.Debug|x64.ActiveCfg = Debug|Any CPU
		{3C53A3A1-2E21-4FF1-AF40-8DC72C119239}.Debug|x64.Build.0 = Debug|Any CPU
		{3C53A3A1-2E21-4FF1-AF40-8DC72C119239}.Debug|x86.ActiveCfg = Debug|Any CPU
		{3C53A3A1-2E21-4FF1-AF40-8DC72C119239}.Debug|x86.Build.0 = Debug|Any CPU
		{3C53A3A1-2E21-4FF1-AF40-8DC72C119239}.Release|Any CPU.ActiveCfg = Release|Any CPU
		{3C53A3A1-2E21-4FF1-AF40-8DC72C119239}.Release|Any CPU.Build.0 = Release|Any CPU
		{3C53A3A1-2E21-4FF1-AF40-8DC72C119239}.Release|ARM.ActiveCfg = Release|Any CPU
		{3C53A3A1-2E21-4FF1-AF40-8DC72C119239}.Release|ARM.Build.0 = Release|Any CPU
		{3C53A3A1-2E21-4FF1-AF40-8DC72C119239}.Release|ARM64.ActiveCfg = Release|Any CPU
		{3C53A3A1-2E21-4FF1-AF40-8DC72C119239}.Release|ARM64.Build.0 = Release|Any CPU
		{3C53A3A1-2E21-4FF1-AF40-8DC72C119239}.Release|x64.ActiveCfg = Release|Any CPU
		{3C53A3A1-2E21-4FF1-AF40-8DC72C119239}.Release|x64.Build.0 = Release|Any CPU
		{3C53A3A1-2E21-4FF1-AF40-8DC72C119239}.Release|x86.ActiveCfg = Release|Any CPU
		{3C53A3A1-2E21-4FF1-AF40-8DC72C119239}.Release|x86.Build.0 = Release|Any CPU
		{792F18A8-AE8C-41D8-9750-E3894BBBB0A4}.Debug|Any CPU.ActiveCfg = Debug|Any CPU
		{792F18A8-AE8C-41D8-9750-E3894BBBB0A4}.Debug|Any CPU.Build.0 = Debug|Any CPU
		{792F18A8-AE8C-41D8-9750-E3894BBBB0A4}.Debug|ARM.ActiveCfg = Debug|Any CPU
		{792F18A8-AE8C-41D8-9750-E3894BBBB0A4}.Debug|ARM.Build.0 = Debug|Any CPU
		{792F18A8-AE8C-41D8-9750-E3894BBBB0A4}.Debug|ARM64.ActiveCfg = Debug|Any CPU
		{792F18A8-AE8C-41D8-9750-E3894BBBB0A4}.Debug|ARM64.Build.0 = Debug|Any CPU
		{792F18A8-AE8C-41D8-9750-E3894BBBB0A4}.Debug|x64.ActiveCfg = Debug|Any CPU
		{792F18A8-AE8C-41D8-9750-E3894BBBB0A4}.Debug|x64.Build.0 = Debug|Any CPU
		{792F18A8-AE8C-41D8-9750-E3894BBBB0A4}.Debug|x86.ActiveCfg = Debug|Any CPU
		{792F18A8-AE8C-41D8-9750-E3894BBBB0A4}.Debug|x86.Build.0 = Debug|Any CPU
		{792F18A8-AE8C-41D8-9750-E3894BBBB0A4}.Release|Any CPU.ActiveCfg = Release|Any CPU
		{792F18A8-AE8C-41D8-9750-E3894BBBB0A4}.Release|Any CPU.Build.0 = Release|Any CPU
		{792F18A8-AE8C-41D8-9750-E3894BBBB0A4}.Release|ARM.ActiveCfg = Release|Any CPU
		{792F18A8-AE8C-41D8-9750-E3894BBBB0A4}.Release|ARM.Build.0 = Release|Any CPU
		{792F18A8-AE8C-41D8-9750-E3894BBBB0A4}.Release|ARM64.ActiveCfg = Release|Any CPU
		{792F18A8-AE8C-41D8-9750-E3894BBBB0A4}.Release|ARM64.Build.0 = Release|Any CPU
		{792F18A8-AE8C-41D8-9750-E3894BBBB0A4}.Release|x64.ActiveCfg = Release|Any CPU
		{792F18A8-AE8C-41D8-9750-E3894BBBB0A4}.Release|x64.Build.0 = Release|Any CPU
		{792F18A8-AE8C-41D8-9750-E3894BBBB0A4}.Release|x86.ActiveCfg = Release|Any CPU
		{792F18A8-AE8C-41D8-9750-E3894BBBB0A4}.Release|x86.Build.0 = Release|Any CPU
		{5C6FE4C1-57A6-4710-A34C-45114F9C1976}.Debug|Any CPU.ActiveCfg = Debug|Any CPU
		{5C6FE4C1-57A6-4710-A34C-45114F9C1976}.Debug|Any CPU.Build.0 = Debug|Any CPU
		{5C6FE4C1-57A6-4710-A34C-45114F9C1976}.Debug|ARM.ActiveCfg = Debug|Any CPU
		{5C6FE4C1-57A6-4710-A34C-45114F9C1976}.Debug|ARM.Build.0 = Debug|Any CPU
		{5C6FE4C1-57A6-4710-A34C-45114F9C1976}.Debug|ARM64.ActiveCfg = Debug|Any CPU
		{5C6FE4C1-57A6-4710-A34C-45114F9C1976}.Debug|ARM64.Build.0 = Debug|Any CPU
		{5C6FE4C1-57A6-4710-A34C-45114F9C1976}.Debug|x64.ActiveCfg = Debug|Any CPU
		{5C6FE4C1-57A6-4710-A34C-45114F9C1976}.Debug|x64.Build.0 = Debug|Any CPU
		{5C6FE4C1-57A6-4710-A34C-45114F9C1976}.Debug|x86.ActiveCfg = Debug|Any CPU
		{5C6FE4C1-57A6-4710-A34C-45114F9C1976}.Debug|x86.Build.0 = Debug|Any CPU
		{5C6FE4C1-57A6-4710-A34C-45114F9C1976}.Release|Any CPU.ActiveCfg = Release|Any CPU
		{5C6FE4C1-57A6-4710-A34C-45114F9C1976}.Release|Any CPU.Build.0 = Release|Any CPU
		{5C6FE4C1-57A6-4710-A34C-45114F9C1976}.Release|ARM.ActiveCfg = Release|Any CPU
		{5C6FE4C1-57A6-4710-A34C-45114F9C1976}.Release|ARM.Build.0 = Release|Any CPU
		{5C6FE4C1-57A6-4710-A34C-45114F9C1976}.Release|ARM64.ActiveCfg = Release|Any CPU
		{5C6FE4C1-57A6-4710-A34C-45114F9C1976}.Release|ARM64.Build.0 = Release|Any CPU
		{5C6FE4C1-57A6-4710-A34C-45114F9C1976}.Release|x64.ActiveCfg = Release|Any CPU
		{5C6FE4C1-57A6-4710-A34C-45114F9C1976}.Release|x64.Build.0 = Release|Any CPU
		{5C6FE4C1-57A6-4710-A34C-45114F9C1976}.Release|x86.ActiveCfg = Release|Any CPU
		{5C6FE4C1-57A6-4710-A34C-45114F9C1976}.Release|x86.Build.0 = Release|Any CPU
		{B7874DCC-C141-44D4-A64C-D93E5EA37E00}.Debug|Any CPU.ActiveCfg = Debug|Any CPU
		{B7874DCC-C141-44D4-A64C-D93E5EA37E00}.Debug|Any CPU.Build.0 = Debug|Any CPU
		{B7874DCC-C141-44D4-A64C-D93E5EA37E00}.Debug|ARM.ActiveCfg = Debug|Any CPU
		{B7874DCC-C141-44D4-A64C-D93E5EA37E00}.Debug|ARM.Build.0 = Debug|Any CPU
		{B7874DCC-C141-44D4-A64C-D93E5EA37E00}.Debug|ARM64.ActiveCfg = Debug|Any CPU
		{B7874DCC-C141-44D4-A64C-D93E5EA37E00}.Debug|ARM64.Build.0 = Debug|Any CPU
		{B7874DCC-C141-44D4-A64C-D93E5EA37E00}.Debug|x64.ActiveCfg = Debug|Any CPU
		{B7874DCC-C141-44D4-A64C-D93E5EA37E00}.Debug|x64.Build.0 = Debug|Any CPU
		{B7874DCC-C141-44D4-A64C-D93E5EA37E00}.Debug|x86.ActiveCfg = Debug|Any CPU
		{B7874DCC-C141-44D4-A64C-D93E5EA37E00}.Debug|x86.Build.0 = Debug|Any CPU
		{B7874DCC-C141-44D4-A64C-D93E5EA37E00}.Release|Any CPU.ActiveCfg = Release|Any CPU
		{B7874DCC-C141-44D4-A64C-D93E5EA37E00}.Release|Any CPU.Build.0 = Release|Any CPU
		{B7874DCC-C141-44D4-A64C-D93E5EA37E00}.Release|ARM.ActiveCfg = Release|Any CPU
		{B7874DCC-C141-44D4-A64C-D93E5EA37E00}.Release|ARM.Build.0 = Release|Any CPU
		{B7874DCC-C141-44D4-A64C-D93E5EA37E00}.Release|ARM64.ActiveCfg = Release|Any CPU
		{B7874DCC-C141-44D4-A64C-D93E5EA37E00}.Release|ARM64.Build.0 = Release|Any CPU
		{B7874DCC-C141-44D4-A64C-D93E5EA37E00}.Release|x64.ActiveCfg = Release|Any CPU
		{B7874DCC-C141-44D4-A64C-D93E5EA37E00}.Release|x64.Build.0 = Release|Any CPU
		{B7874DCC-C141-44D4-A64C-D93E5EA37E00}.Release|x86.ActiveCfg = Release|Any CPU
		{B7874DCC-C141-44D4-A64C-D93E5EA37E00}.Release|x86.Build.0 = Release|Any CPU
	EndGlobalSection
	GlobalSection(SolutionProperties) = preSolution
		HideSolutionNode = FALSE
	EndGlobalSection
	GlobalSection(NestedProjects) = preSolution
		{A5E9D6B5-A224-419E-BA99-69E5D99E7FC6} = {5618675C-F89B-4725-97D2-035D1D247784}
		{C0363682-F927-4480-992F-0C334CCA8C64} = {5618675C-F89B-4725-97D2-035D1D247784}
		{B61BF406-2567-4B8D-BB48-44E0AB987901} = {694ABC82-BD55-4764-BE97-C9C041654DC6}
		{0B7A2FFE-A950-40CE-A2B7-2E6786539139} = {82156968-523F-4F4D-A788-D38E117BDB0C}
		{C8A4318A-67D6-49BC-8E8F-284D07932DD6} = {82156968-523F-4F4D-A788-D38E117BDB0C}
		{9DDB0704-0CA3-4866-B677-1325C72FA370} = {694ABC82-BD55-4764-BE97-C9C041654DC6}
		{D48D711D-A7BC-4266-88C1-987AFE6EFF36} = {1F40229F-E2B8-4E99-8FEE-D8D9379A8068}
		{3E6A27C1-3A08-42AA-997C-63A32784BAFF} = {1F40229F-E2B8-4E99-8FEE-D8D9379A8068}
		{09B70F81-273A-44E2-AB12-1A0477B3CD03} = {5618675C-F89B-4725-97D2-035D1D247784}
		{F248F890-E85B-474B-97BF-302A9B88C0BF} = {77CE2804-6929-46A6-B146-082CA00CAED4}
		{56964B7C-DBDE-40BC-9DCD-C2A39ADB6619} = {77CE2804-6929-46A6-B146-082CA00CAED4}
		{31636878-59F3-44C0-8A65-079283E02110} = {1AC518C9-60C3-4566-9056-13A905E009AF}
		{4AC63F1D-CAF7-4DD4-9068-1B82978714CA} = {1AC518C9-60C3-4566-9056-13A905E009AF}
		{3C53A3A1-2E21-4FF1-AF40-8DC72C119239} = {1AC518C9-60C3-4566-9056-13A905E009AF}
		{792F18A8-AE8C-41D8-9750-E3894BBBB0A4} = {1AC518C9-60C3-4566-9056-13A905E009AF}
		{5C6FE4C1-57A6-4710-A34C-45114F9C1976} = {77CE2804-6929-46A6-B146-082CA00CAED4}
		{B7874DCC-C141-44D4-A64C-D93E5EA37E00} = {77CE2804-6929-46A6-B146-082CA00CAED4}
	EndGlobalSection
	GlobalSection(ExtensibilityGlobals) = postSolution
		SolutionGuid = {38407E74-3FF2-4D14-B6C5-841F048A0832}
	EndGlobalSection
EndGlobal
