
Microsoft Visual Studio Solution File, Format Version 12.00
# Visual Studio Version 16
VisualStudioVersion = 16.0.30128.74
MinimumVisualStudioVersion = 10.0.40219.1
Project("{9A19103F-16F7-4668-BE54-9A1E7A4F7556}") = "BoutiqueMVC", "BoutiqueMVC\BoutiqueMVC.csproj", "{A5E9D6B5-A224-419E-BA99-69E5D99E7FC6}"
EndProject
Project("{E53339B2-1760-4266-BCC7-CA923CBCF16C}") = "docker-compose", "docker-compose.dcproj", "{C0363682-F927-4480-992F-0C334CCA8C64}"
EndProject
Project("{2150E333-8FDC-42A3-9474-1A3956D46DE8}") = "04-BoutiqueDAL", "04-BoutiqueDAL", "{694ABC82-BD55-4764-BE97-C9C041654DC6}"
EndProject
Project("{9A19103F-16F7-4668-BE54-9A1E7A4F7556}") = "BoutiqueDAL", "BoutiqueDAL\BoutiqueDAL.csproj", "{B61BF406-2567-4B8D-BB48-44E0AB987901}"
EndProject
Project("{2150E333-8FDC-42A3-9474-1A3956D46DE8}") = "01-BoutiqueCommon", "01-BoutiqueCommon", "{82156968-523F-4F4D-A788-D38E117BDB0C}"
EndProject
Project("{9A19103F-16F7-4668-BE54-9A1E7A4F7556}") = "BoutiqueCommon", "BoutiqueCommon\BoutiqueCommon.csproj", "{0B7A2FFE-A950-40CE-A2B7-2E6786539139}"
EndProject
Project("{2150E333-8FDC-42A3-9474-1A3956D46DE8}") = "03-BoutiqueMVC", "03-BoutiqueMVC", "{5618675C-F89B-4725-97D2-035D1D247784}"
EndProject
Project("{9A19103F-16F7-4668-BE54-9A1E7A4F7556}") = "Functional", "Functional\Functional.csproj", "{BA67DE52-C056-4C82-875E-D6109F80AD7F}"
EndProject
Project("{9A19103F-16F7-4668-BE54-9A1E7A4F7556}") = "FunctionalXUnit", "FunctionalXUnit\FunctionalXUnit.csproj", "{C9A7D085-06A5-4EA4-A3FC-CDE85BF81DEF}"
EndProject
Project("{FAE04EC0-301F-11D3-BF4B-00C04F79EFBC}") = "BoutiqueCommonXUnit", "BoutiqueCommonXUnit\BoutiqueCommonXUnit.csproj", "{C8A4318A-67D6-49BC-8E8F-284D07932DD6}"
EndProject
Global
	GlobalSection(SolutionConfigurationPlatforms) = preSolution
		Debug|Any CPU = Debug|Any CPU
		Release|Any CPU = Release|Any CPU
	EndGlobalSection
	GlobalSection(ProjectConfigurationPlatforms) = postSolution
		{A5E9D6B5-A224-419E-BA99-69E5D99E7FC6}.Debug|Any CPU.ActiveCfg = Debug|Any CPU
		{A5E9D6B5-A224-419E-BA99-69E5D99E7FC6}.Debug|Any CPU.Build.0 = Debug|Any CPU
		{A5E9D6B5-A224-419E-BA99-69E5D99E7FC6}.Release|Any CPU.ActiveCfg = Release|Any CPU
		{A5E9D6B5-A224-419E-BA99-69E5D99E7FC6}.Release|Any CPU.Build.0 = Release|Any CPU
		{C0363682-F927-4480-992F-0C334CCA8C64}.Debug|Any CPU.ActiveCfg = Debug|Any CPU
		{C0363682-F927-4480-992F-0C334CCA8C64}.Debug|Any CPU.Build.0 = Debug|Any CPU
		{C0363682-F927-4480-992F-0C334CCA8C64}.Release|Any CPU.ActiveCfg = Release|Any CPU
		{C0363682-F927-4480-992F-0C334CCA8C64}.Release|Any CPU.Build.0 = Release|Any CPU
		{B61BF406-2567-4B8D-BB48-44E0AB987901}.Debug|Any CPU.ActiveCfg = Debug|Any CPU
		{B61BF406-2567-4B8D-BB48-44E0AB987901}.Debug|Any CPU.Build.0 = Debug|Any CPU
		{B61BF406-2567-4B8D-BB48-44E0AB987901}.Release|Any CPU.ActiveCfg = Release|Any CPU
		{B61BF406-2567-4B8D-BB48-44E0AB987901}.Release|Any CPU.Build.0 = Release|Any CPU
		{0B7A2FFE-A950-40CE-A2B7-2E6786539139}.Debug|Any CPU.ActiveCfg = Debug|Any CPU
		{0B7A2FFE-A950-40CE-A2B7-2E6786539139}.Debug|Any CPU.Build.0 = Debug|Any CPU
		{0B7A2FFE-A950-40CE-A2B7-2E6786539139}.Release|Any CPU.ActiveCfg = Release|Any CPU
		{0B7A2FFE-A950-40CE-A2B7-2E6786539139}.Release|Any CPU.Build.0 = Release|Any CPU
		{BA67DE52-C056-4C82-875E-D6109F80AD7F}.Debug|Any CPU.ActiveCfg = Debug|Any CPU
		{BA67DE52-C056-4C82-875E-D6109F80AD7F}.Debug|Any CPU.Build.0 = Debug|Any CPU
		{BA67DE52-C056-4C82-875E-D6109F80AD7F}.Release|Any CPU.ActiveCfg = Release|Any CPU
		{BA67DE52-C056-4C82-875E-D6109F80AD7F}.Release|Any CPU.Build.0 = Release|Any CPU
		{C9A7D085-06A5-4EA4-A3FC-CDE85BF81DEF}.Debug|Any CPU.ActiveCfg = Debug|Any CPU
		{C9A7D085-06A5-4EA4-A3FC-CDE85BF81DEF}.Debug|Any CPU.Build.0 = Debug|Any CPU
		{C9A7D085-06A5-4EA4-A3FC-CDE85BF81DEF}.Release|Any CPU.ActiveCfg = Release|Any CPU
		{C9A7D085-06A5-4EA4-A3FC-CDE85BF81DEF}.Release|Any CPU.Build.0 = Release|Any CPU
		{C8A4318A-67D6-49BC-8E8F-284D07932DD6}.Debug|Any CPU.ActiveCfg = Debug|Any CPU
		{C8A4318A-67D6-49BC-8E8F-284D07932DD6}.Debug|Any CPU.Build.0 = Debug|Any CPU
		{C8A4318A-67D6-49BC-8E8F-284D07932DD6}.Release|Any CPU.ActiveCfg = Release|Any CPU
		{C8A4318A-67D6-49BC-8E8F-284D07932DD6}.Release|Any CPU.Build.0 = Release|Any CPU
	EndGlobalSection
	GlobalSection(SolutionProperties) = preSolution
		HideSolutionNode = FALSE
	EndGlobalSection
	GlobalSection(NestedProjects) = preSolution
		{A5E9D6B5-A224-419E-BA99-69E5D99E7FC6} = {5618675C-F89B-4725-97D2-035D1D247784}
		{C0363682-F927-4480-992F-0C334CCA8C64} = {5618675C-F89B-4725-97D2-035D1D247784}
		{B61BF406-2567-4B8D-BB48-44E0AB987901} = {694ABC82-BD55-4764-BE97-C9C041654DC6}
		{0B7A2FFE-A950-40CE-A2B7-2E6786539139} = {82156968-523F-4F4D-A788-D38E117BDB0C}
		{BA67DE52-C056-4C82-875E-D6109F80AD7F} = {82156968-523F-4F4D-A788-D38E117BDB0C}
		{C9A7D085-06A5-4EA4-A3FC-CDE85BF81DEF} = {82156968-523F-4F4D-A788-D38E117BDB0C}
		{C8A4318A-67D6-49BC-8E8F-284D07932DD6} = {82156968-523F-4F4D-A788-D38E117BDB0C}
	EndGlobalSection
	GlobalSection(ExtensibilityGlobals) = postSolution
		SolutionGuid = {38407E74-3FF2-4D14-B6C5-841F048A0832}
	EndGlobalSection
EndGlobal
